
Microsoft Visual Studio Solution File, Format Version 12.00
# Visual Studio Version 16
VisualStudioVersion = 16.0.31321.278
MinimumVisualStudioVersion = 10.0.40219.1
Project("{9A19103F-16F7-4668-BE54-9A1E7A4F7556}") = "ApiGitHub", "ApiGitHubTest\ApiGitHub.csproj", "{09472B6D-D208-42D8-9EF1-2EC9E3D11588}"
EndProject
Global
	GlobalSection(SolutionConfigurationPlatforms) = preSolution
		Debug|Any CPU = Debug|Any CPU
		Release|Any CPU = Release|Any CPU
	EndGlobalSection
	GlobalSection(ProjectConfigurationPlatforms) = postSolution
		{09472B6D-D208-42D8-9EF1-2EC9E3D11588}.Debug|Any CPU.ActiveCfg = Debug|Any CPU
		{09472B6D-D208-42D8-9EF1-2EC9E3D11588}.Debug|Any CPU.Build.0 = Debug|Any CPU
		{09472B6D-D208-42D8-9EF1-2EC9E3D11588}.Release|Any CPU.ActiveCfg = Release|Any CPU
		{09472B6D-D208-42D8-9EF1-2EC9E3D11588}.Release|Any CPU.Build.0 = Release|Any CPU
	EndGlobalSection
	GlobalSection(SolutionProperties) = preSolution
		HideSolutionNode = FALSE
	EndGlobalSection
	GlobalSection(ExtensibilityGlobals) = postSolution
		SolutionGuid = {338EEF2A-EB87-458E-A67B-39EDFB763AE6}
	EndGlobalSection
EndGlobal
